{
  "name": "vivero_Infante_Lorena",
  "lockfileVersion": 3,
  "requires": true,
  "packages": {
    "": {
      "dependencies": {
        "sweetalert2": "^11.10.2",
        "tiny-slider": "^2.9.4"
      }
    },
    "node_modules/sweetalert2": {
      "version": "11.10.2",
      "resolved": "https://registry.npmjs.org/sweetalert2/-/sweetalert2-11.10.2.tgz",
      "integrity": "sha512-BYlIxGw6OF9Rw2z1wlnh1U+fvHHkvtg4BGyimV9nZxQRGvCBfx9uonxgwuYpJuYqCtM+2W1KOm8iMIEb/2v7Hg==",
      "funding": {
        "type": "individual",
        "url": "https://github.com/sponsors/limonte"
      }
    },
    "node_modules/tiny-slider": {
      "version": "2.9.4",
      "resolved": "https://registry.npmjs.org/tiny-slider/-/tiny-slider-2.9.4.tgz",
      "integrity": "sha512-LAs2kldWcY+BqCKw4kxd4CMx2RhWrHyEePEsymlOIISTlOVkjfK40sSD7ay73eKXBLg/UkluAZpcfCstimHXew=="
    }
  }
}
